// !$*UTF8*$!
{
	archiveVersion = 1;
	classes = {
	};
	objectVersion = 56;
	objects = {

/* Begin PBXBuildFile section */
		AB02949528DF68AF0071402A /* StringExtentions.swift in Sources */ = {isa = PBXBuildFile; fileRef = AB02949428DF68AF0071402A /* StringExtentions.swift */; };
		AB02949728DF9C150071402A /* CustomAlert.swift in Sources */ = {isa = PBXBuildFile; fileRef = AB02949628DF9C150071402A /* CustomAlert.swift */; };
		AB8A3C0A28DDA9F000FF6457 /* NetworkManager.swift in Sources */ = {isa = PBXBuildFile; fileRef = AB8A3C0928DDA9F000FF6457 /* NetworkManager.swift */; };
		AB8A3C0C28DDB97000FF6457 /* Constants+URL.swift in Sources */ = {isa = PBXBuildFile; fileRef = AB8A3C0B28DDB97000FF6457 /* Constants+URL.swift */; };
		AB8A3C0F28DDBBCB00FF6457 /* Repository.swift in Sources */ = {isa = PBXBuildFile; fileRef = AB8A3C0E28DDBBCB00FF6457 /* Repository.swift */; };
		AB8A3C1128DDBE4F00FF6457 /* UserRepository.swift in Sources */ = {isa = PBXBuildFile; fileRef = AB8A3C1028DDBE4F00FF6457 /* UserRepository.swift */; };
		AB8A3C1328DDD97D00FF6457 /* UITableViewExtentions.swift in Sources */ = {isa = PBXBuildFile; fileRef = AB8A3C1228DDD97D00FF6457 /* UITableViewExtentions.swift */; };
		AB8A3C1628DDDD1600FF6457 /* SearchRepositoriesTableViewCell.swift in Sources */ = {isa = PBXBuildFile; fileRef = AB8A3C1528DDDD1600FF6457 /* SearchRepositoriesTableViewCell.swift */; };
		AB9749B928E03F4E002C63B1 /* RepositoryModel.xcdatamodeld in Sources */ = {isa = PBXBuildFile; fileRef = AB9749B728E03F4E002C63B1 /* RepositoryModel.xcdatamodeld */; };
		AB9749BB28E04034002C63B1 /* BasePersistentProtocol.swift in Sources */ = {isa = PBXBuildFile; fileRef = AB9749BA28E04034002C63B1 /* BasePersistentProtocol.swift */; };
		AB9749BD28E0413F002C63B1 /* PersistentManager.swift in Sources */ = {isa = PBXBuildFile; fileRef = AB9749BC28E0413F002C63B1 /* PersistentManager.swift */; };
		AB9749BF28E04B8E002C63B1 /* DetailsServiceWorker.swift in Sources */ = {isa = PBXBuildFile; fileRef = AB9749BE28E04B8E002C63B1 /* DetailsServiceWorker.swift */; };
		AB9749C928E06D25002C63B1 /* Starred.storyboard in Resources */ = {isa = PBXBuildFile; fileRef = AB9749C128E06D25002C63B1 /* Starred.storyboard */; };
		AB9749CA28E06D25002C63B1 /* StarredFactory.swift in Sources */ = {isa = PBXBuildFile; fileRef = AB9749C228E06D25002C63B1 /* StarredFactory.swift */; };
		AB9749CB28E06D25002C63B1 /* StarredPresenter.swift in Sources */ = {isa = PBXBuildFile; fileRef = AB9749C328E06D25002C63B1 /* StarredPresenter.swift */; };
		AB9749CC28E06D25002C63B1 /* StarredWorker.swift in Sources */ = {isa = PBXBuildFile; fileRef = AB9749C428E06D25002C63B1 /* StarredWorker.swift */; };
		AB9749CD28E06D25002C63B1 /* StarredRouter.swift in Sources */ = {isa = PBXBuildFile; fileRef = AB9749C528E06D25002C63B1 /* StarredRouter.swift */; };
		AB9749CE28E06D25002C63B1 /* StarredModels.swift in Sources */ = {isa = PBXBuildFile; fileRef = AB9749C628E06D25002C63B1 /* StarredModels.swift */; };
		AB9749CF28E06D25002C63B1 /* StarredViewController.swift in Sources */ = {isa = PBXBuildFile; fileRef = AB9749C728E06D25002C63B1 /* StarredViewController.swift */; };
		AB9749D028E06D25002C63B1 /* StarredInteractor.swift in Sources */ = {isa = PBXBuildFile; fileRef = AB9749C828E06D25002C63B1 /* StarredInteractor.swift */; };
		ABB7A11F28E0921900921E62 /* DetailsPageConstraintHelper.swift in Sources */ = {isa = PBXBuildFile; fileRef = ABB7A11E28E0921900921E62 /* DetailsPageConstraintHelper.swift */; };
		ABB7A12128E0B3BB00921E62 /* UIDeviceExtentions.swift in Sources */ = {isa = PBXBuildFile; fileRef = ABB7A12028E0B3BB00921E62 /* UIDeviceExtentions.swift */; };
		ABCC403228DCAAE50014B7E6 /* AppDelegate.swift in Sources */ = {isa = PBXBuildFile; fileRef = ABCC403128DCAAE50014B7E6 /* AppDelegate.swift */; };
		ABCC403428DCAAE50014B7E6 /* SceneDelegate.swift in Sources */ = {isa = PBXBuildFile; fileRef = ABCC403328DCAAE50014B7E6 /* SceneDelegate.swift */; };
		ABCC403B28DCAAE50014B7E6 /* Assets.xcassets in Resources */ = {isa = PBXBuildFile; fileRef = ABCC403A28DCAAE50014B7E6 /* Assets.xcassets */; };
		ABCC403E28DCAAE50014B7E6 /* LaunchScreen.storyboard in Resources */ = {isa = PBXBuildFile; fileRef = ABCC403C28DCAAE50014B7E6 /* LaunchScreen.storyboard */; };
		ABCC404828DCB49E0014B7E6 /* MainTabBarController.swift in Sources */ = {isa = PBXBuildFile; fileRef = ABCC404728DCB49E0014B7E6 /* MainTabBarController.swift */; };
		ABCC405328DCB5730014B7E6 /* SearchFactory.swift in Sources */ = {isa = PBXBuildFile; fileRef = ABCC404B28DCB5730014B7E6 /* SearchFactory.swift */; };
		ABCC405428DCB5730014B7E6 /* SearchPresenter.swift in Sources */ = {isa = PBXBuildFile; fileRef = ABCC404C28DCB5730014B7E6 /* SearchPresenter.swift */; };
		ABCC405528DCB5730014B7E6 /* SearchWorker.swift in Sources */ = {isa = PBXBuildFile; fileRef = ABCC404D28DCB5730014B7E6 /* SearchWorker.swift */; };
		ABCC405628DCB5730014B7E6 /* SearchRouter.swift in Sources */ = {isa = PBXBuildFile; fileRef = ABCC404E28DCB5730014B7E6 /* SearchRouter.swift */; };
		ABCC405728DCB5730014B7E6 /* SearchModels.swift in Sources */ = {isa = PBXBuildFile; fileRef = ABCC404F28DCB5730014B7E6 /* SearchModels.swift */; };
		ABCC405828DCB5730014B7E6 /* SearchViewController.swift in Sources */ = {isa = PBXBuildFile; fileRef = ABCC405028DCB5730014B7E6 /* SearchViewController.swift */; };
		ABCC405928DCB5730014B7E6 /* SearchInteractor.swift in Sources */ = {isa = PBXBuildFile; fileRef = ABCC405128DCB5730014B7E6 /* SearchInteractor.swift */; };
		ABCC405B28DCB6FD0014B7E6 /* Constants.swift in Sources */ = {isa = PBXBuildFile; fileRef = ABCC405A28DCB6FD0014B7E6 /* Constants.swift */; };
		ABCC405D28DCB7F50014B7E6 /* SFSymbol.swift in Sources */ = {isa = PBXBuildFile; fileRef = ABCC405C28DCB7F50014B7E6 /* SFSymbol.swift */; };
		ABCC406028DCBA130014B7E6 /* UIImageExtentions.swift in Sources */ = {isa = PBXBuildFile; fileRef = ABCC405F28DCBA130014B7E6 /* UIImageExtentions.swift */; };
		ABCC406428DCC4500014B7E6 /* UIColorExtensions.swift in Sources */ = {isa = PBXBuildFile; fileRef = ABCC406328DCC4500014B7E6 /* UIColorExtensions.swift */; };
		ABCC406728DCC7BC0014B7E6 /* CustomNavigationController.swift in Sources */ = {isa = PBXBuildFile; fileRef = ABCC406628DCC7BC0014B7E6 /* CustomNavigationController.swift */; };
		ABCC406928DCD2B60014B7E6 /* ConstraintHelper.swift in Sources */ = {isa = PBXBuildFile; fileRef = ABCC406828DCD2B50014B7E6 /* ConstraintHelper.swift */; };
		ABCC407128DCE5870014B7E6 /* Constants+Keys.swift in Sources */ = {isa = PBXBuildFile; fileRef = ABCC407028DCE5870014B7E6 /* Constants+Keys.swift */; };
		ABF6B49E28DEE6A50027BEE3 /* UIImageViewExtentions.swift in Sources */ = {isa = PBXBuildFile; fileRef = ABF6B49D28DEE6A50027BEE3 /* UIImageViewExtentions.swift */; };
		ABF6B4A028DF20520027BEE3 /* UIViewControllerExtentions.swift in Sources */ = {isa = PBXBuildFile; fileRef = ABF6B49F28DF20520027BEE3 /* UIViewControllerExtentions.swift */; };
		ABF6B4AB28DF45530027BEE3 /* DetailsFactory.swift in Sources */ = {isa = PBXBuildFile; fileRef = ABF6B4A328DF45530027BEE3 /* DetailsFactory.swift */; };
		ABF6B4AC28DF45530027BEE3 /* DetailsPresenter.swift in Sources */ = {isa = PBXBuildFile; fileRef = ABF6B4A428DF45530027BEE3 /* DetailsPresenter.swift */; };
		ABF6B4AD28DF45530027BEE3 /* DetailsWorker.swift in Sources */ = {isa = PBXBuildFile; fileRef = ABF6B4A528DF45530027BEE3 /* DetailsWorker.swift */; };
		ABF6B4AE28DF45530027BEE3 /* DetailsRouter.swift in Sources */ = {isa = PBXBuildFile; fileRef = ABF6B4A628DF45530027BEE3 /* DetailsRouter.swift */; };
		ABF6B4AF28DF45530027BEE3 /* DetailsModels.swift in Sources */ = {isa = PBXBuildFile; fileRef = ABF6B4A728DF45530027BEE3 /* DetailsModels.swift */; };
		ABF6B4B028DF45530027BEE3 /* DetailsViewController.swift in Sources */ = {isa = PBXBuildFile; fileRef = ABF6B4A828DF45530027BEE3 /* DetailsViewController.swift */; };
		ABF6B4B128DF45530027BEE3 /* DetailsInteractor.swift in Sources */ = {isa = PBXBuildFile; fileRef = ABF6B4A928DF45530027BEE3 /* DetailsInteractor.swift */; };
/* End PBXBuildFile section */

/* Begin PBXFileReference section */
		AB02949428DF68AF0071402A /* StringExtentions.swift */ = {isa = PBXFileReference; lastKnownFileType = sourcecode.swift; path = StringExtentions.swift; sourceTree = "<group>"; };
		AB02949628DF9C150071402A /* CustomAlert.swift */ = {isa = PBXFileReference; lastKnownFileType = sourcecode.swift; path = CustomAlert.swift; sourceTree = "<group>"; };
		AB8A3C0928DDA9F000FF6457 /* NetworkManager.swift */ = {isa = PBXFileReference; lastKnownFileType = sourcecode.swift; path = NetworkManager.swift; sourceTree = "<group>"; };
		AB8A3C0B28DDB97000FF6457 /* Constants+URL.swift */ = {isa = PBXFileReference; lastKnownFileType = sourcecode.swift; path = "Constants+URL.swift"; sourceTree = "<group>"; };
		AB8A3C0E28DDBBCB00FF6457 /* Repository.swift */ = {isa = PBXFileReference; lastKnownFileType = sourcecode.swift; path = Repository.swift; sourceTree = "<group>"; };
		AB8A3C1028DDBE4F00FF6457 /* UserRepository.swift */ = {isa = PBXFileReference; lastKnownFileType = sourcecode.swift; path = UserRepository.swift; sourceTree = "<group>"; };
		AB8A3C1228DDD97D00FF6457 /* UITableViewExtentions.swift */ = {isa = PBXFileReference; lastKnownFileType = sourcecode.swift; path = UITableViewExtentions.swift; sourceTree = "<group>"; };
		AB8A3C1528DDDD1600FF6457 /* SearchRepositoriesTableViewCell.swift */ = {isa = PBXFileReference; lastKnownFileType = sourcecode.swift; path = SearchRepositoriesTableViewCell.swift; sourceTree = "<group>"; };
		AB9749B828E03F4E002C63B1 /* Repository.xcdatamodel */ = {isa = PBXFileReference; lastKnownFileType = wrapper.xcdatamodel; path = Repository.xcdatamodel; sourceTree = "<group>"; };
		AB9749BA28E04034002C63B1 /* BasePersistentProtocol.swift */ = {isa = PBXFileReference; lastKnownFileType = sourcecode.swift; path = BasePersistentProtocol.swift; sourceTree = "<group>"; };
		AB9749BC28E0413F002C63B1 /* PersistentManager.swift */ = {isa = PBXFileReference; lastKnownFileType = sourcecode.swift; path = PersistentManager.swift; sourceTree = "<group>"; };
		AB9749BE28E04B8E002C63B1 /* DetailsServiceWorker.swift */ = {isa = PBXFileReference; lastKnownFileType = sourcecode.swift; path = DetailsServiceWorker.swift; sourceTree = "<group>"; };
		AB9749C128E06D25002C63B1 /* Starred.storyboard */ = {isa = PBXFileReference; lastKnownFileType = file.storyboard; path = Starred.storyboard; sourceTree = "<group>"; };
		AB9749C228E06D25002C63B1 /* StarredFactory.swift */ = {isa = PBXFileReference; lastKnownFileType = sourcecode.swift; path = StarredFactory.swift; sourceTree = "<group>"; };
		AB9749C328E06D25002C63B1 /* StarredPresenter.swift */ = {isa = PBXFileReference; lastKnownFileType = sourcecode.swift; path = StarredPresenter.swift; sourceTree = "<group>"; };
		AB9749C428E06D25002C63B1 /* StarredWorker.swift */ = {isa = PBXFileReference; lastKnownFileType = sourcecode.swift; path = StarredWorker.swift; sourceTree = "<group>"; };
		AB9749C528E06D25002C63B1 /* StarredRouter.swift */ = {isa = PBXFileReference; lastKnownFileType = sourcecode.swift; path = StarredRouter.swift; sourceTree = "<group>"; };
		AB9749C628E06D25002C63B1 /* StarredModels.swift */ = {isa = PBXFileReference; lastKnownFileType = sourcecode.swift; path = StarredModels.swift; sourceTree = "<group>"; };
		AB9749C728E06D25002C63B1 /* StarredViewController.swift */ = {isa = PBXFileReference; lastKnownFileType = sourcecode.swift; path = StarredViewController.swift; sourceTree = "<group>"; };
		AB9749C828E06D25002C63B1 /* StarredInteractor.swift */ = {isa = PBXFileReference; lastKnownFileType = sourcecode.swift; path = StarredInteractor.swift; sourceTree = "<group>"; };
		ABB7A11E28E0921900921E62 /* DetailsPageConstraintHelper.swift */ = {isa = PBXFileReference; lastKnownFileType = sourcecode.swift; path = DetailsPageConstraintHelper.swift; sourceTree = "<group>"; };
		ABB7A12028E0B3BB00921E62 /* UIDeviceExtentions.swift */ = {isa = PBXFileReference; lastKnownFileType = sourcecode.swift; path = UIDeviceExtentions.swift; sourceTree = "<group>"; };
		ABCC402E28DCAAE50014B7E6 /* Repository_Database.app */ = {isa = PBXFileReference; explicitFileType = wrapper.application; includeInIndex = 0; path = Repository_Database.app; sourceTree = BUILT_PRODUCTS_DIR; };
		ABCC403128DCAAE50014B7E6 /* AppDelegate.swift */ = {isa = PBXFileReference; lastKnownFileType = sourcecode.swift; path = AppDelegate.swift; sourceTree = "<group>"; };
		ABCC403328DCAAE50014B7E6 /* SceneDelegate.swift */ = {isa = PBXFileReference; lastKnownFileType = sourcecode.swift; path = SceneDelegate.swift; sourceTree = "<group>"; };
		ABCC403A28DCAAE50014B7E6 /* Assets.xcassets */ = {isa = PBXFileReference; lastKnownFileType = folder.assetcatalog; path = Assets.xcassets; sourceTree = "<group>"; };
		ABCC403D28DCAAE50014B7E6 /* Base */ = {isa = PBXFileReference; lastKnownFileType = file.storyboard; name = Base; path = Base.lproj/LaunchScreen.storyboard; sourceTree = "<group>"; };
		ABCC403F28DCAAE50014B7E6 /* Info.plist */ = {isa = PBXFileReference; lastKnownFileType = text.plist.xml; path = Info.plist; sourceTree = "<group>"; };
		ABCC404728DCB49E0014B7E6 /* MainTabBarController.swift */ = {isa = PBXFileReference; lastKnownFileType = sourcecode.swift; path = MainTabBarController.swift; sourceTree = "<group>"; };
		ABCC404B28DCB5730014B7E6 /* SearchFactory.swift */ = {isa = PBXFileReference; lastKnownFileType = sourcecode.swift; path = SearchFactory.swift; sourceTree = "<group>"; };
		ABCC404C28DCB5730014B7E6 /* SearchPresenter.swift */ = {isa = PBXFileReference; lastKnownFileType = sourcecode.swift; path = SearchPresenter.swift; sourceTree = "<group>"; };
		ABCC404D28DCB5730014B7E6 /* SearchWorker.swift */ = {isa = PBXFileReference; lastKnownFileType = sourcecode.swift; path = SearchWorker.swift; sourceTree = "<group>"; };
		ABCC404E28DCB5730014B7E6 /* SearchRouter.swift */ = {isa = PBXFileReference; lastKnownFileType = sourcecode.swift; path = SearchRouter.swift; sourceTree = "<group>"; };
		ABCC404F28DCB5730014B7E6 /* SearchModels.swift */ = {isa = PBXFileReference; lastKnownFileType = sourcecode.swift; path = SearchModels.swift; sourceTree = "<group>"; };
		ABCC405028DCB5730014B7E6 /* SearchViewController.swift */ = {isa = PBXFileReference; lastKnownFileType = sourcecode.swift; path = SearchViewController.swift; sourceTree = "<group>"; };
		ABCC405128DCB5730014B7E6 /* SearchInteractor.swift */ = {isa = PBXFileReference; lastKnownFileType = sourcecode.swift; path = SearchInteractor.swift; sourceTree = "<group>"; };
		ABCC405A28DCB6FD0014B7E6 /* Constants.swift */ = {isa = PBXFileReference; lastKnownFileType = sourcecode.swift; path = Constants.swift; sourceTree = "<group>"; };
		ABCC405C28DCB7F50014B7E6 /* SFSymbol.swift */ = {isa = PBXFileReference; lastKnownFileType = sourcecode.swift; path = SFSymbol.swift; sourceTree = "<group>"; };
		ABCC405F28DCBA130014B7E6 /* UIImageExtentions.swift */ = {isa = PBXFileReference; lastKnownFileType = sourcecode.swift; path = UIImageExtentions.swift; sourceTree = "<group>"; };
		ABCC406328DCC4500014B7E6 /* UIColorExtensions.swift */ = {isa = PBXFileReference; lastKnownFileType = sourcecode.swift; path = UIColorExtensions.swift; sourceTree = "<group>"; };
		ABCC406628DCC7BC0014B7E6 /* CustomNavigationController.swift */ = {isa = PBXFileReference; lastKnownFileType = sourcecode.swift; path = CustomNavigationController.swift; sourceTree = "<group>"; };
		ABCC406828DCD2B50014B7E6 /* ConstraintHelper.swift */ = {isa = PBXFileReference; lastKnownFileType = sourcecode.swift; path = ConstraintHelper.swift; sourceTree = "<group>"; };
		ABCC407028DCE5870014B7E6 /* Constants+Keys.swift */ = {isa = PBXFileReference; lastKnownFileType = sourcecode.swift; path = "Constants+Keys.swift"; sourceTree = "<group>"; };
		ABF6B49D28DEE6A50027BEE3 /* UIImageViewExtentions.swift */ = {isa = PBXFileReference; lastKnownFileType = sourcecode.swift; path = UIImageViewExtentions.swift; sourceTree = "<group>"; };
		ABF6B49F28DF20520027BEE3 /* UIViewControllerExtentions.swift */ = {isa = PBXFileReference; lastKnownFileType = sourcecode.swift; path = UIViewControllerExtentions.swift; sourceTree = "<group>"; };
		ABF6B4A328DF45530027BEE3 /* DetailsFactory.swift */ = {isa = PBXFileReference; lastKnownFileType = sourcecode.swift; path = DetailsFactory.swift; sourceTree = "<group>"; };
		ABF6B4A428DF45530027BEE3 /* DetailsPresenter.swift */ = {isa = PBXFileReference; lastKnownFileType = sourcecode.swift; path = DetailsPresenter.swift; sourceTree = "<group>"; };
		ABF6B4A528DF45530027BEE3 /* DetailsWorker.swift */ = {isa = PBXFileReference; lastKnownFileType = sourcecode.swift; path = DetailsWorker.swift; sourceTree = "<group>"; };
		ABF6B4A628DF45530027BEE3 /* DetailsRouter.swift */ = {isa = PBXFileReference; lastKnownFileType = sourcecode.swift; path = DetailsRouter.swift; sourceTree = "<group>"; };
		ABF6B4A728DF45530027BEE3 /* DetailsModels.swift */ = {isa = PBXFileReference; lastKnownFileType = sourcecode.swift; path = DetailsModels.swift; sourceTree = "<group>"; };
		ABF6B4A828DF45530027BEE3 /* DetailsViewController.swift */ = {isa = PBXFileReference; lastKnownFileType = sourcecode.swift; path = DetailsViewController.swift; sourceTree = "<group>"; };
		ABF6B4A928DF45530027BEE3 /* DetailsInteractor.swift */ = {isa = PBXFileReference; lastKnownFileType = sourcecode.swift; path = DetailsInteractor.swift; sourceTree = "<group>"; };
/* End PBXFileReference section */

/* Begin PBXFrameworksBuildPhase section */
		ABCC402B28DCAAE50014B7E6 /* Frameworks */ = {
			isa = PBXFrameworksBuildPhase;
			buildActionMask = 2147483647;
			files = (
			);
			runOnlyForDeploymentPostprocessing = 0;
		};
/* End PBXFrameworksBuildPhase section */

/* Begin PBXGroup section */
		AB8A3C0828DDA9D100FF6457 /* Utilities */ = {
			isa = PBXGroup;
			children = (
				AB9749B628E03F22002C63B1 /* Core Data */,
				AB8A3C0928DDA9F000FF6457 /* NetworkManager.swift */,
			);
			path = Utilities;
			sourceTree = "<group>";
		};
		AB8A3C0D28DDBBB200FF6457 /* Models */ = {
			isa = PBXGroup;
			children = (
				AB8A3C0E28DDBBCB00FF6457 /* Repository.swift */,
				AB8A3C1028DDBE4F00FF6457 /* UserRepository.swift */,
			);
			path = Models;
			sourceTree = "<group>";
		};
		AB8A3C1428DDDCC300FF6457 /* Reusables */ = {
			isa = PBXGroup;
			children = (
				AB8A3C1528DDDD1600FF6457 /* SearchRepositoriesTableViewCell.swift */,
			);
			path = Reusables;
			sourceTree = "<group>";
		};
		AB9749B628E03F22002C63B1 /* Core Data */ = {
			isa = PBXGroup;
			children = (
				AB9749B728E03F4E002C63B1 /* RepositoryModel.xcdatamodeld */,
				AB9749BA28E04034002C63B1 /* BasePersistentProtocol.swift */,
				AB9749BC28E0413F002C63B1 /* PersistentManager.swift */,
			);
			path = "Core Data";
			sourceTree = "<group>";
		};
		AB9749C028E06CFA002C63B1 /* Starred */ = {
			isa = PBXGroup;
			children = (
				AB9749C128E06D25002C63B1 /* Starred.storyboard */,
				AB9749C728E06D25002C63B1 /* StarredViewController.swift */,
				AB9749C828E06D25002C63B1 /* StarredInteractor.swift */,
				AB9749C328E06D25002C63B1 /* StarredPresenter.swift */,
				AB9749C428E06D25002C63B1 /* StarredWorker.swift */,
				AB9749C628E06D25002C63B1 /* StarredModels.swift */,
				AB9749C528E06D25002C63B1 /* StarredRouter.swift */,
				AB9749C228E06D25002C63B1 /* StarredFactory.swift */,
			);
			path = Starred;
			sourceTree = "<group>";
		};
		ABCC402528DCAAE50014B7E6 = {
			isa = PBXGroup;
			children = (
				ABCC403028DCAAE50014B7E6 /* Repository_Database */,
				ABCC402F28DCAAE50014B7E6 /* Products */,
			);
			sourceTree = "<group>";
		};
		ABCC402F28DCAAE50014B7E6 /* Products */ = {
			isa = PBXGroup;
			children = (
				ABCC402E28DCAAE50014B7E6 /* Repository_Database.app */,
			);
			name = Products;
			sourceTree = "<group>";
		};
		ABCC403028DCAAE50014B7E6 /* Repository_Database */ = {
			isa = PBXGroup;
			children = (
				ABF6B4A128DF453D0027BEE3 /* Pages */,
				AB8A3C1428DDDCC300FF6457 /* Reusables */,
				AB8A3C0D28DDBBB200FF6457 /* Models */,
				AB8A3C0828DDA9D100FF6457 /* Utilities */,
				ABCC406528DCC79F0014B7E6 /* CustomNavigationController */,
				ABCC405E28DCB87A0014B7E6 /* Extentions */,
				ABCC406A28DCDA550014B7E6 /* App */,
				ABCC406B28DCDA630014B7E6 /* Resources */,
				ABCC406C28DCDA800014B7E6 /* Supporting Files */,
				ABCC406E28DCDB250014B7E6 /* MainTabBarController */,
				ABCC406F28DCDB2A0014B7E6 /* Constants */,
				ABCC406D28DCDB110014B7E6 /* Helpers */,
			);
			path = Repository_Database;
			sourceTree = "<group>";
		};
		ABCC404928DCB4F00014B7E6 /* Search */ = {
			isa = PBXGroup;
			children = (
				ABCC405028DCB5730014B7E6 /* SearchViewController.swift */,
				ABCC405128DCB5730014B7E6 /* SearchInteractor.swift */,
				ABCC404C28DCB5730014B7E6 /* SearchPresenter.swift */,
				ABCC404D28DCB5730014B7E6 /* SearchWorker.swift */,
				ABCC404F28DCB5730014B7E6 /* SearchModels.swift */,
				ABCC404E28DCB5730014B7E6 /* SearchRouter.swift */,
				ABCC404B28DCB5730014B7E6 /* SearchFactory.swift */,
			);
			path = Search;
			sourceTree = "<group>";
		};
		ABCC405E28DCB87A0014B7E6 /* Extentions */ = {
			isa = PBXGroup;
			children = (
				ABCC405F28DCBA130014B7E6 /* UIImageExtentions.swift */,
				ABCC406328DCC4500014B7E6 /* UIColorExtensions.swift */,
				AB8A3C1228DDD97D00FF6457 /* UITableViewExtentions.swift */,
				ABF6B49D28DEE6A50027BEE3 /* UIImageViewExtentions.swift */,
				ABF6B49F28DF20520027BEE3 /* UIViewControllerExtentions.swift */,
				AB02949428DF68AF0071402A /* StringExtentions.swift */,
				ABB7A12028E0B3BB00921E62 /* UIDeviceExtentions.swift */,
			);
			path = Extentions;
			sourceTree = "<group>";
		};
		ABCC406528DCC79F0014B7E6 /* CustomNavigationController */ = {
			isa = PBXGroup;
			children = (
				ABCC406628DCC7BC0014B7E6 /* CustomNavigationController.swift */,
			);
			path = CustomNavigationController;
			sourceTree = "<group>";
		};
		ABCC406A28DCDA550014B7E6 /* App */ = {
			isa = PBXGroup;
			children = (
				ABCC403128DCAAE50014B7E6 /* AppDelegate.swift */,
				ABCC403328DCAAE50014B7E6 /* SceneDelegate.swift */,
			);
			path = App;
			sourceTree = "<group>";
		};
		ABCC406B28DCDA630014B7E6 /* Resources */ = {
			isa = PBXGroup;
			children = (
				ABCC403A28DCAAE50014B7E6 /* Assets.xcassets */,
			);
			path = Resources;
			sourceTree = "<group>";
		};
		ABCC406C28DCDA800014B7E6 /* Supporting Files */ = {
			isa = PBXGroup;
			children = (
				ABCC403C28DCAAE50014B7E6 /* LaunchScreen.storyboard */,
				ABCC403F28DCAAE50014B7E6 /* Info.plist */,
			);
			path = "Supporting Files";
			sourceTree = "<group>";
		};
		ABCC406D28DCDB110014B7E6 /* Helpers */ = {
			isa = PBXGroup;
			children = (
				ABCC406828DCD2B50014B7E6 /* ConstraintHelper.swift */,
				ABCC405C28DCB7F50014B7E6 /* SFSymbol.swift */,
				AB02949628DF9C150071402A /* CustomAlert.swift */,
			);
			path = Helpers;
			sourceTree = "<group>";
		};
		ABCC406E28DCDB250014B7E6 /* MainTabBarController */ = {
			isa = PBXGroup;
			children = (
				ABCC404728DCB49E0014B7E6 /* MainTabBarController.swift */,
			);
			path = MainTabBarController;
			sourceTree = "<group>";
		};
		ABCC406F28DCDB2A0014B7E6 /* Constants */ = {
			isa = PBXGroup;
			children = (
				ABCC405A28DCB6FD0014B7E6 /* Constants.swift */,
				ABCC407028DCE5870014B7E6 /* Constants+Keys.swift */,
				AB8A3C0B28DDB97000FF6457 /* Constants+URL.swift */,
			);
			path = Constants;
			sourceTree = "<group>";
		};
		ABF6B4A128DF453D0027BEE3 /* Pages */ = {
			isa = PBXGroup;
			children = (
				ABCC404928DCB4F00014B7E6 /* Search */,
				ABF6B4B228DF45B30027BEE3 /* Details */,
				AB9749C028E06CFA002C63B1 /* Starred */,
			);
			path = Pages;
			sourceTree = "<group>";
		};
		ABF6B4B228DF45B30027BEE3 /* Details */ = {
			isa = PBXGroup;
			children = (
				ABF6B4A828DF45530027BEE3 /* DetailsViewController.swift */,
				ABF6B4A928DF45530027BEE3 /* DetailsInteractor.swift */,
				ABF6B4A428DF45530027BEE3 /* DetailsPresenter.swift */,
				ABF6B4A528DF45530027BEE3 /* DetailsWorker.swift */,
				AB9749BE28E04B8E002C63B1 /* DetailsServiceWorker.swift */,
				ABF6B4A628DF45530027BEE3 /* DetailsRouter.swift */,
				ABF6B4A728DF45530027BEE3 /* DetailsModels.swift */,
				ABF6B4A328DF45530027BEE3 /* DetailsFactory.swift */,
				ABB7A11E28E0921900921E62 /* DetailsPageConstraintHelper.swift */,
			);
			path = Details;
			sourceTree = "<group>";
		};
/* End PBXGroup section */

/* Begin PBXNativeTarget section */
		ABCC402D28DCAAE50014B7E6 /* Repository_Database */ = {
			isa = PBXNativeTarget;
			buildConfigurationList = ABCC404228DCAAE60014B7E6 /* Build configuration list for PBXNativeTarget "Repository_Database" */;
			buildPhases = (
				ABCC402A28DCAAE50014B7E6 /* Sources */,
				ABCC402B28DCAAE50014B7E6 /* Frameworks */,
				ABCC402C28DCAAE50014B7E6 /* Resources */,
			);
			buildRules = (
			);
			dependencies = (
			);
			name = Repository_Database;
			productName = Repository_Database;
			productReference = ABCC402E28DCAAE50014B7E6 /* Repository_Database.app */;
			productType = "com.apple.product-type.application";
		};
/* End PBXNativeTarget section */

/* Begin PBXProject section */
		ABCC402628DCAAE50014B7E6 /* Project object */ = {
			isa = PBXProject;
			attributes = {
				BuildIndependentTargetsInParallel = 1;
				LastSwiftUpdateCheck = 1400;
				LastUpgradeCheck = 1400;
				TargetAttributes = {
					ABCC402D28DCAAE50014B7E6 = {
						CreatedOnToolsVersion = 14.0;
					};
				};
			};
			buildConfigurationList = ABCC402928DCAAE50014B7E6 /* Build configuration list for PBXProject "Repository_Database" */;
			compatibilityVersion = "Xcode 14.0";
			developmentRegion = en;
			hasScannedForEncodings = 0;
			knownRegions = (
				en,
				Base,
			);
			mainGroup = ABCC402528DCAAE50014B7E6;
			productRefGroup = ABCC402F28DCAAE50014B7E6 /* Products */;
			projectDirPath = "";
			projectRoot = "";
			targets = (
				ABCC402D28DCAAE50014B7E6 /* Repository_Database */,
			);
		};
/* End PBXProject section */

/* Begin PBXResourcesBuildPhase section */
		ABCC402C28DCAAE50014B7E6 /* Resources */ = {
			isa = PBXResourcesBuildPhase;
			buildActionMask = 2147483647;
			files = (
				ABCC403E28DCAAE50014B7E6 /* LaunchScreen.storyboard in Resources */,
				ABCC403B28DCAAE50014B7E6 /* Assets.xcassets in Resources */,
				AB9749C928E06D25002C63B1 /* Starred.storyboard in Resources */,
			);
			runOnlyForDeploymentPostprocessing = 0;
		};
/* End PBXResourcesBuildPhase section */

/* Begin PBXSourcesBuildPhase section */
		ABCC402A28DCAAE50014B7E6 /* Sources */ = {
			isa = PBXSourcesBuildPhase;
			buildActionMask = 2147483647;
			files = (
				AB8A3C0A28DDA9F000FF6457 /* NetworkManager.swift in Sources */,
				ABCC405328DCB5730014B7E6 /* SearchFactory.swift in Sources */,
				ABCC407128DCE5870014B7E6 /* Constants+Keys.swift in Sources */,
				AB9749CC28E06D25002C63B1 /* StarredWorker.swift in Sources */,
				ABCC406428DCC4500014B7E6 /* UIColorExtensions.swift in Sources */,
				ABCC405B28DCB6FD0014B7E6 /* Constants.swift in Sources */,
				AB9749CF28E06D25002C63B1 /* StarredViewController.swift in Sources */,
				ABF6B4A028DF20520027BEE3 /* UIViewControllerExtentions.swift in Sources */,
				AB9749CB28E06D25002C63B1 /* StarredPresenter.swift in Sources */,
				ABF6B4AF28DF45530027BEE3 /* DetailsModels.swift in Sources */,
				AB02949528DF68AF0071402A /* StringExtentions.swift in Sources */,
				AB9749CA28E06D25002C63B1 /* StarredFactory.swift in Sources */,
				ABB7A12128E0B3BB00921E62 /* UIDeviceExtentions.swift in Sources */,
				ABCC403228DCAAE50014B7E6 /* AppDelegate.swift in Sources */,
				AB8A3C0C28DDB97000FF6457 /* Constants+URL.swift in Sources */,
				ABB7A11F28E0921900921E62 /* DetailsPageConstraintHelper.swift in Sources */,
				AB9749B928E03F4E002C63B1 /* RepositoryModel.xcdatamodeld in Sources */,
				AB8A3C0F28DDBBCB00FF6457 /* Repository.swift in Sources */,
				ABCC405428DCB5730014B7E6 /* SearchPresenter.swift in Sources */,
				ABCC405828DCB5730014B7E6 /* SearchViewController.swift in Sources */,
				ABF6B4AB28DF45530027BEE3 /* DetailsFactory.swift in Sources */,
				ABCC406928DCD2B60014B7E6 /* ConstraintHelper.swift in Sources */,
				AB8A3C1628DDDD1600FF6457 /* SearchRepositoriesTableViewCell.swift in Sources */,
				ABF6B4AE28DF45530027BEE3 /* DetailsRouter.swift in Sources */,
				ABCC406728DCC7BC0014B7E6 /* CustomNavigationController.swift in Sources */,
				AB9749CE28E06D25002C63B1 /* StarredModels.swift in Sources */,
				ABCC405928DCB5730014B7E6 /* SearchInteractor.swift in Sources */,
				AB02949728DF9C150071402A /* CustomAlert.swift in Sources */,
				ABCC405628DCB5730014B7E6 /* SearchRouter.swift in Sources */,
				AB9749BD28E0413F002C63B1 /* PersistentManager.swift in Sources */,
				ABF6B4B128DF45530027BEE3 /* DetailsInteractor.swift in Sources */,
				ABF6B4AC28DF45530027BEE3 /* DetailsPresenter.swift in Sources */,
				ABF6B4AD28DF45530027BEE3 /* DetailsWorker.swift in Sources */,
				ABCC403428DCAAE50014B7E6 /* SceneDelegate.swift in Sources */,
				ABF6B4B028DF45530027BEE3 /* DetailsViewController.swift in Sources */,
				AB9749BF28E04B8E002C63B1 /* DetailsServiceWorker.swift in Sources */,
				AB9749CD28E06D25002C63B1 /* StarredRouter.swift in Sources */,
				ABCC405D28DCB7F50014B7E6 /* SFSymbol.swift in Sources */,
				AB9749D028E06D25002C63B1 /* StarredInteractor.swift in Sources */,
				ABCC404828DCB49E0014B7E6 /* MainTabBarController.swift in Sources */,
				AB8A3C1128DDBE4F00FF6457 /* UserRepository.swift in Sources */,
				ABF6B49E28DEE6A50027BEE3 /* UIImageViewExtentions.swift in Sources */,
				ABCC405528DCB5730014B7E6 /* SearchWorker.swift in Sources */,
				ABCC405728DCB5730014B7E6 /* SearchModels.swift in Sources */,
				AB9749BB28E04034002C63B1 /* BasePersistentProtocol.swift in Sources */,
				AB8A3C1328DDD97D00FF6457 /* UITableViewExtentions.swift in Sources */,
				ABCC406028DCBA130014B7E6 /* UIImageExtentions.swift in Sources */,
			);
			runOnlyForDeploymentPostprocessing = 0;
		};
/* End PBXSourcesBuildPhase section */

/* Begin PBXVariantGroup section */
		ABCC403C28DCAAE50014B7E6 /* LaunchScreen.storyboard */ = {
			isa = PBXVariantGroup;
			children = (
				ABCC403D28DCAAE50014B7E6 /* Base */,
			);
			name = LaunchScreen.storyboard;
			sourceTree = "<group>";
		};
/* End PBXVariantGroup section */

/* Begin XCBuildConfiguration section */
		ABCC404028DCAAE50014B7E6 /* Debug */ = {
			isa = XCBuildConfiguration;
			buildSettings = {
				ALWAYS_SEARCH_USER_PATHS = NO;
				CLANG_ANALYZER_NONNULL = YES;
				CLANG_ANALYZER_NUMBER_OBJECT_CONVERSION = YES_AGGRESSIVE;
				CLANG_CXX_LANGUAGE_STANDARD = "gnu++20";
				CLANG_ENABLE_MODULES = YES;
				CLANG_ENABLE_OBJC_ARC = YES;
				CLANG_ENABLE_OBJC_WEAK = YES;
				CLANG_WARN_BLOCK_CAPTURE_AUTORELEASING = YES;
				CLANG_WARN_BOOL_CONVERSION = YES;
				CLANG_WARN_COMMA = YES;
				CLANG_WARN_CONSTANT_CONVERSION = YES;
				CLANG_WARN_DEPRECATED_OBJC_IMPLEMENTATIONS = YES;
				CLANG_WARN_DIRECT_OBJC_ISA_USAGE = YES_ERROR;
				CLANG_WARN_DOCUMENTATION_COMMENTS = YES;
				CLANG_WARN_EMPTY_BODY = YES;
				CLANG_WARN_ENUM_CONVERSION = YES;
				CLANG_WARN_INFINITE_RECURSION = YES;
				CLANG_WARN_INT_CONVERSION = YES;
				CLANG_WARN_NON_LITERAL_NULL_CONVERSION = YES;
				CLANG_WARN_OBJC_IMPLICIT_RETAIN_SELF = YES;
				CLANG_WARN_OBJC_LITERAL_CONVERSION = YES;
				CLANG_WARN_OBJC_ROOT_CLASS = YES_ERROR;
				CLANG_WARN_QUOTED_INCLUDE_IN_FRAMEWORK_HEADER = YES;
				CLANG_WARN_RANGE_LOOP_ANALYSIS = YES;
				CLANG_WARN_STRICT_PROTOTYPES = YES;
				CLANG_WARN_SUSPICIOUS_MOVE = YES;
				CLANG_WARN_UNGUARDED_AVAILABILITY = YES_AGGRESSIVE;
				CLANG_WARN_UNREACHABLE_CODE = YES;
				CLANG_WARN__DUPLICATE_METHOD_MATCH = YES;
				COPY_PHASE_STRIP = NO;
				DEBUG_INFORMATION_FORMAT = dwarf;
				ENABLE_STRICT_OBJC_MSGSEND = YES;
				ENABLE_TESTABILITY = YES;
				GCC_C_LANGUAGE_STANDARD = gnu11;
				GCC_DYNAMIC_NO_PIC = NO;
				GCC_NO_COMMON_BLOCKS = YES;
				GCC_OPTIMIZATION_LEVEL = 0;
				GCC_PREPROCESSOR_DEFINITIONS = (
					"DEBUG=1",
					"$(inherited)",
				);
				GCC_WARN_64_TO_32_BIT_CONVERSION = YES;
				GCC_WARN_ABOUT_RETURN_TYPE = YES_ERROR;
				GCC_WARN_UNDECLARED_SELECTOR = YES;
				GCC_WARN_UNINITIALIZED_AUTOS = YES_AGGRESSIVE;
				GCC_WARN_UNUSED_FUNCTION = YES;
				GCC_WARN_UNUSED_VARIABLE = YES;
				IPHONEOS_DEPLOYMENT_TARGET = 16.0;
				MTL_ENABLE_DEBUG_INFO = INCLUDE_SOURCE;
				MTL_FAST_MATH = YES;
				ONLY_ACTIVE_ARCH = YES;
				SDKROOT = iphoneos;
				SWIFT_ACTIVE_COMPILATION_CONDITIONS = DEBUG;
				SWIFT_OPTIMIZATION_LEVEL = "-Onone";
			};
			name = Debug;
		};
		ABCC404128DCAAE50014B7E6 /* Release */ = {
			isa = XCBuildConfiguration;
			buildSettings = {
				ALWAYS_SEARCH_USER_PATHS = NO;
				CLANG_ANALYZER_NONNULL = YES;
				CLANG_ANALYZER_NUMBER_OBJECT_CONVERSION = YES_AGGRESSIVE;
				CLANG_CXX_LANGUAGE_STANDARD = "gnu++20";
				CLANG_ENABLE_MODULES = YES;
				CLANG_ENABLE_OBJC_ARC = YES;
				CLANG_ENABLE_OBJC_WEAK = YES;
				CLANG_WARN_BLOCK_CAPTURE_AUTORELEASING = YES;
				CLANG_WARN_BOOL_CONVERSION = YES;
				CLANG_WARN_COMMA = YES;
				CLANG_WARN_CONSTANT_CONVERSION = YES;
				CLANG_WARN_DEPRECATED_OBJC_IMPLEMENTATIONS = YES;
				CLANG_WARN_DIRECT_OBJC_ISA_USAGE = YES_ERROR;
				CLANG_WARN_DOCUMENTATION_COMMENTS = YES;
				CLANG_WARN_EMPTY_BODY = YES;
				CLANG_WARN_ENUM_CONVERSION = YES;
				CLANG_WARN_INFINITE_RECURSION = YES;
				CLANG_WARN_INT_CONVERSION = YES;
				CLANG_WARN_NON_LITERAL_NULL_CONVERSION = YES;
				CLANG_WARN_OBJC_IMPLICIT_RETAIN_SELF = YES;
				CLANG_WARN_OBJC_LITERAL_CONVERSION = YES;
				CLANG_WARN_OBJC_ROOT_CLASS = YES_ERROR;
				CLANG_WARN_QUOTED_INCLUDE_IN_FRAMEWORK_HEADER = YES;
				CLANG_WARN_RANGE_LOOP_ANALYSIS = YES;
				CLANG_WARN_STRICT_PROTOTYPES = YES;
				CLANG_WARN_SUSPICIOUS_MOVE = YES;
				CLANG_WARN_UNGUARDED_AVAILABILITY = YES_AGGRESSIVE;
				CLANG_WARN_UNREACHABLE_CODE = YES;
				CLANG_WARN__DUPLICATE_METHOD_MATCH = YES;
				COPY_PHASE_STRIP = NO;
				DEBUG_INFORMATION_FORMAT = "dwarf-with-dsym";
				ENABLE_NS_ASSERTIONS = NO;
				ENABLE_STRICT_OBJC_MSGSEND = YES;
				GCC_C_LANGUAGE_STANDARD = gnu11;
				GCC_NO_COMMON_BLOCKS = YES;
				GCC_WARN_64_TO_32_BIT_CONVERSION = YES;
				GCC_WARN_ABOUT_RETURN_TYPE = YES_ERROR;
				GCC_WARN_UNDECLARED_SELECTOR = YES;
				GCC_WARN_UNINITIALIZED_AUTOS = YES_AGGRESSIVE;
				GCC_WARN_UNUSED_FUNCTION = YES;
				GCC_WARN_UNUSED_VARIABLE = YES;
				IPHONEOS_DEPLOYMENT_TARGET = 16.0;
				MTL_ENABLE_DEBUG_INFO = NO;
				MTL_FAST_MATH = YES;
				SDKROOT = iphoneos;
				SWIFT_COMPILATION_MODE = wholemodule;
				SWIFT_OPTIMIZATION_LEVEL = "-O";
				VALIDATE_PRODUCT = YES;
			};
			name = Release;
		};
		ABCC404328DCAAE60014B7E6 /* Debug */ = {
			isa = XCBuildConfiguration;
			buildSettings = {
				ASSETCATALOG_COMPILER_APPICON_NAME = AppIcon;
				ASSETCATALOG_COMPILER_GLOBAL_ACCENT_COLOR_NAME = AccentColor;
				CODE_SIGN_STYLE = Automatic;
				CURRENT_PROJECT_VERSION = 1;
				DEVELOPMENT_TEAM = 7QU8N8ZAQ8;
				GENERATE_INFOPLIST_FILE = YES;
				INFOPLIST_FILE = "Repository_Database/Supporting Files/Info.plist";
				INFOPLIST_KEY_CFBundleDisplayName = "Repository Database";
				INFOPLIST_KEY_UIApplicationSupportsIndirectInputEvents = YES;
				INFOPLIST_KEY_UILaunchStoryboardName = LaunchScreen;
				INFOPLIST_KEY_UIStatusBarStyle = "";
				INFOPLIST_KEY_UISupportedInterfaceOrientations = "UIInterfaceOrientationLandscapeLeft UIInterfaceOrientationLandscapeRight UIInterfaceOrientationPortrait";
				IPHONEOS_DEPLOYMENT_TARGET = 13.0;
				LD_RUNPATH_SEARCH_PATHS = (
					"$(inherited)",
					"@executable_path/Frameworks",
				);
				MARKETING_VERSION = 1.0;
				PRODUCT_BUNDLE_IDENTIFIER = "com.lukabukuri.Repository-Database";
				PRODUCT_NAME = "$(TARGET_NAME)";
				SUPPORTED_PLATFORMS = "iphoneos iphonesimulator";
				SUPPORTS_MACCATALYST = NO;
				SUPPORTS_MAC_DESIGNED_FOR_IPHONE_IPAD = NO;
				SWIFT_EMIT_LOC_STRINGS = YES;
				SWIFT_VERSION = 5.0;
				TARGETED_DEVICE_FAMILY = 1;
			};
			name = Debug;
		};
		ABCC404428DCAAE60014B7E6 /* Release */ = {
			isa = XCBuildConfiguration;
			buildSettings = {
				ASSETCATALOG_COMPILER_APPICON_NAME = AppIcon;
				ASSETCATALOG_COMPILER_GLOBAL_ACCENT_COLOR_NAME = AccentColor;
				CODE_SIGN_STYLE = Automatic;
				CURRENT_PROJECT_VERSION = 1;
				DEVELOPMENT_TEAM = 7QU8N8ZAQ8;
				GENERATE_INFOPLIST_FILE = YES;
				INFOPLIST_FILE = "Repository_Database/Supporting Files/Info.plist";
				INFOPLIST_KEY_CFBundleDisplayName = "Repository Database";
				INFOPLIST_KEY_UIApplicationSupportsIndirectInputEvents = YES;
				INFOPLIST_KEY_UILaunchStoryboardName = LaunchScreen;
				INFOPLIST_KEY_UIStatusBarStyle = "";
				INFOPLIST_KEY_UISupportedInterfaceOrientations = "UIInterfaceOrientationLandscapeLeft UIInterfaceOrientationLandscapeRight UIInterfaceOrientationPortrait";
				IPHONEOS_DEPLOYMENT_TARGET = 13.0;
				LD_RUNPATH_SEARCH_PATHS = (
					"$(inherited)",
					"@executable_path/Frameworks",
				);
				MARKETING_VERSION = 1.0;
				PRODUCT_BUNDLE_IDENTIFIER = "com.lukabukuri.Repository-Database";
				PRODUCT_NAME = "$(TARGET_NAME)";
				SUPPORTED_PLATFORMS = "iphoneos iphonesimulator";
				SUPPORTS_MACCATALYST = NO;
				SUPPORTS_MAC_DESIGNED_FOR_IPHONE_IPAD = NO;
				SWIFT_EMIT_LOC_STRINGS = YES;
				SWIFT_VERSION = 5.0;
				TARGETED_DEVICE_FAMILY = 1;
			};
			name = Release;
		};
/* End XCBuildConfiguration section */

/* Begin XCConfigurationList section */
		ABCC402928DCAAE50014B7E6 /* Build configuration list for PBXProject "Repository_Database" */ = {
			isa = XCConfigurationList;
			buildConfigurations = (
				ABCC404028DCAAE50014B7E6 /* Debug */,
				ABCC404128DCAAE50014B7E6 /* Release */,
			);
			defaultConfigurationIsVisible = 0;
			defaultConfigurationName = Release;
		};
		ABCC404228DCAAE60014B7E6 /* Build configuration list for PBXNativeTarget "Repository_Database" */ = {
			isa = XCConfigurationList;
			buildConfigurations = (
				ABCC404328DCAAE60014B7E6 /* Debug */,
				ABCC404428DCAAE60014B7E6 /* Release */,
			);
			defaultConfigurationIsVisible = 0;
			defaultConfigurationName = Release;
		};
/* End XCConfigurationList section */

/* Begin XCVersionGroup section */
		AB9749B728E03F4E002C63B1 /* RepositoryModel.xcdatamodeld */ = {
			isa = XCVersionGroup;
			children = (
				AB9749B828E03F4E002C63B1 /* Repository.xcdatamodel */,
			);
			currentVersion = AB9749B828E03F4E002C63B1 /* Repository.xcdatamodel */;
			path = RepositoryModel.xcdatamodeld;
			sourceTree = "<group>";
			versionGroupType = wrapper.xcdatamodel;
		};
/* End XCVersionGroup section */
	};
	rootObject = ABCC402628DCAAE50014B7E6 /* Project object */;
}
